
Microsoft Visual Studio Solution File, Format Version 12.00
# Visual Studio Version 16
VisualStudioVersion = 16.0.31729.503
MinimumVisualStudioVersion = 10.0.40219.1
Project("{FAE04EC0-301F-11D3-BF4B-00C04F79EFBC}") = "BookApi", "BookApi\BookApi.csproj", "{67A8CAC2-8146-4BF9-9E91-FC6169239059}"
EndProject
Project("{FAE04EC0-301F-11D3-BF4B-00C04F79EFBC}") = "BookApi.Entity", "BookApi.Entity\BookApi.Entity.csproj", "{0EF745E0-4754-4D9D-8600-21471CC5860C}"
EndProject
Project("{FAE04EC0-301F-11D3-BF4B-00C04F79EFBC}") = "BookApi.Services", "BookApi.Services\BookApi.Services.csproj", "{F5021F2B-1180-4B49-A823-A02C2E99A001}"
EndProject
Global
	GlobalSection(SolutionConfigurationPlatforms) = preSolution
		Debug|Any CPU = Debug|Any CPU
		Release|Any CPU = Release|Any CPU
	EndGlobalSection
	GlobalSection(ProjectConfigurationPlatforms) = postSolution
		{67A8CAC2-8146-4BF9-9E91-FC6169239059}.Debug|Any CPU.ActiveCfg = Debug|Any CPU
		{67A8CAC2-8146-4BF9-9E91-FC6169239059}.Debug|Any CPU.Build.0 = Debug|Any CPU
		{67A8CAC2-8146-4BF9-9E91-FC6169239059}.Release|Any CPU.ActiveCfg = Release|Any CPU
		{67A8CAC2-8146-4BF9-9E91-FC6169239059}.Release|Any CPU.Build.0 = Release|Any CPU
		{0EF745E0-4754-4D9D-8600-21471CC5860C}.Debug|Any CPU.ActiveCfg = Debug|Any CPU
		{0EF745E0-4754-4D9D-8600-21471CC5860C}.Debug|Any CPU.Build.0 = Debug|Any CPU
		{0EF745E0-4754-4D9D-8600-21471CC5860C}.Release|Any CPU.ActiveCfg = Release|Any CPU
		{0EF745E0-4754-4D9D-8600-21471CC5860C}.Release|Any CPU.Build.0 = Release|Any CPU
		{F5021F2B-1180-4B49-A823-A02C2E99A001}.Debug|Any CPU.ActiveCfg = Debug|Any CPU
		{F5021F2B-1180-4B49-A823-A02C2E99A001}.Debug|Any CPU.Build.0 = Debug|Any CPU
		{F5021F2B-1180-4B49-A823-A02C2E99A001}.Release|Any CPU.ActiveCfg = Release|Any CPU
		{F5021F2B-1180-4B49-A823-A02C2E99A001}.Release|Any CPU.Build.0 = Release|Any CPU
	EndGlobalSection
	GlobalSection(SolutionProperties) = preSolution
		HideSolutionNode = FALSE
	EndGlobalSection
	GlobalSection(ExtensibilityGlobals) = postSolution
		SolutionGuid = {26746DBD-76F9-4BFC-AC2B-1817A010161A}
	EndGlobalSection
EndGlobal
